
Microsoft Visual Studio Solution File, Format Version 12.00
# Visual Studio Version 17
VisualStudioVersion = 17.4.33110.190
MinimumVisualStudioVersion = 10.0.40219.1
Project("{9A19103F-16F7-4668-BE54-9A1E7A4F7556}") = "Sample", "Cruxlab\Sample.csproj", "{D8601ED1-E212-4F6D-B869-A26C552411F2}"
EndProject
Project("{9A19103F-16F7-4668-BE54-9A1E7A4F7556}") = "BL", "BL\BL.csproj", "{DECD50ED-A64C-469F-AD30-D66C9D333D16}"
EndProject
Project("{778DAE3C-4631-46EA-AA77-85C1314464D9}") = "WinFormsApp2", "WinFormsApp2\WinFormsApp2.vbproj", "{59875E0D-7D03-4B0C-A241-56F057748DD8}"
EndProject
Global
	GlobalSection(SolutionConfigurationPlatforms) = preSolution
		Debug|Any CPU = Debug|Any CPU
		Release|Any CPU = Release|Any CPU
	EndGlobalSection
	GlobalSection(ProjectConfigurationPlatforms) = postSolution
		{D8601ED1-E212-4F6D-B869-A26C552411F2}.Debug|Any CPU.ActiveCfg = Debug|Any CPU
		{D8601ED1-E212-4F6D-B869-A26C552411F2}.Debug|Any CPU.Build.0 = Debug|Any CPU
		{D8601ED1-E212-4F6D-B869-A26C552411F2}.Release|Any CPU.ActiveCfg = Release|Any CPU
		{D8601ED1-E212-4F6D-B869-A26C552411F2}.Release|Any CPU.Build.0 = Release|Any CPU
		{DECD50ED-A64C-469F-AD30-D66C9D333D16}.Debug|Any CPU.ActiveCfg = Debug|Any CPU
		{DECD50ED-A64C-469F-AD30-D66C9D333D16}.Debug|Any CPU.Build.0 = Debug|Any CPU
		{DECD50ED-A64C-469F-AD30-D66C9D333D16}.Release|Any CPU.ActiveCfg = Release|Any CPU
		{DECD50ED-A64C-469F-AD30-D66C9D333D16}.Release|Any CPU.Build.0 = Release|Any CPU
		{59875E0D-7D03-4B0C-A241-56F057748DD8}.Debug|Any CPU.ActiveCfg = Debug|Any CPU
		{59875E0D-7D03-4B0C-A241-56F057748DD8}.Debug|Any CPU.Build.0 = Debug|Any CPU
		{59875E0D-7D03-4B0C-A241-56F057748DD8}.Release|Any CPU.ActiveCfg = Release|Any CPU
		{59875E0D-7D03-4B0C-A241-56F057748DD8}.Release|Any CPU.Build.0 = Release|Any CPU
	EndGlobalSection
	GlobalSection(SolutionProperties) = preSolution
		HideSolutionNode = FALSE
	EndGlobalSection
	GlobalSection(ExtensibilityGlobals) = postSolution
		SolutionGuid = {2A60E5A9-53E8-42B7-A925-2EED1CA999C7}
	EndGlobalSection
EndGlobal
